
Microsoft Visual Studio Solution File, Format Version 10.00
# Visual Studio 2008
Project("{6989167D-11E4-40FE-8C1A-2192A86A7E90}") = "part_kernel_f", "kernel_f\part_kernel_f.vfproj", "{087FFCBF-7DEF-4D42-86EB-10A4B89ED1BA}"
	ProjectSection(ProjectDependencies) = postProject
		{ECDDEA09-CCCF-404A-B9A4-7947D5EEE2B9} = {ECDDEA09-CCCF-404A-B9A4-7947D5EEE2B9}
		{E2628720-AE0A-4E42-9954-B71147CCE7DC} = {E2628720-AE0A-4E42-9954-B71147CCE7DC}
		{5A143484-553B-4345-B07C-C7DBF0309004} = {5A143484-553B-4345-B07C-C7DBF0309004}
	EndProjectSection
EndProject
Project("{6989167D-11E4-40FE-8C1A-2192A86A7E90}") = "part_data_f", "data_f\part_data_f.vfproj", "{ECDDEA09-CCCF-404A-B9A4-7947D5EEE2B9}"
EndProject
Project("{6989167D-11E4-40FE-8C1A-2192A86A7E90}") = "part_io_f", "io_f\part_io_f.vfproj", "{5A143484-553B-4345-B07C-C7DBF0309004}"
	ProjectSection(ProjectDependencies) = postProject
		{ECDDEA09-CCCF-404A-B9A4-7947D5EEE2B9} = {ECDDEA09-CCCF-404A-B9A4-7947D5EEE2B9}
		{E2628720-AE0A-4E42-9954-B71147CCE7DC} = {E2628720-AE0A-4E42-9954-B71147CCE7DC}
	EndProjectSection
EndProject
Project("{6989167D-11E4-40FE-8C1A-2192A86A7E90}") = "part_utils_f", "utils_f\part_utils_f.vfproj", "{E2628720-AE0A-4E42-9954-B71147CCE7DC}"
	ProjectSection(ProjectDependencies) = postProject
		{ECDDEA09-CCCF-404A-B9A4-7947D5EEE2B9} = {ECDDEA09-CCCF-404A-B9A4-7947D5EEE2B9}
	EndProjectSection
EndProject
Project("{8BC9CEB8-8B4A-11D0-8D11-00A0C91BC942}") = "part_version_number", "version_number\part_version_number.vcproj", "{7C606208-B8B7-4545-97ED-AC5BE4784EB8}"
EndProject
Project("{8BC9CEB8-8B4A-11D0-8D11-00A0C91BC942}") = "part_kernel_c", "kernel_c\part_kernel_c.vcproj", "{9E3F9D72-2104-42FE-898A-FE6C05C174BC}"
	ProjectSection(ProjectDependencies) = postProject
		{ECDDEA09-CCCF-404A-B9A4-7947D5EEE2B9} = {ECDDEA09-CCCF-404A-B9A4-7947D5EEE2B9}
		{E2628720-AE0A-4E42-9954-B71147CCE7DC} = {E2628720-AE0A-4E42-9954-B71147CCE7DC}
		{5A143484-553B-4345-B07C-C7DBF0309004} = {5A143484-553B-4345-B07C-C7DBF0309004}
	EndProjectSection
EndProject
Project("{8BC9CEB8-8B4A-11D0-8D11-00A0C91BC942}") = "delpar", "delpar\delpar.vcproj", "{B6E86C2A-A24C-4B87-B0BF-ECD7502E5142}"
	ProjectSection(ProjectDependencies) = postProject
		{7C606208-B8B7-4545-97ED-AC5BE4784EB8} = {7C606208-B8B7-4545-97ED-AC5BE4784EB8}
		{ECDDEA09-CCCF-404A-B9A4-7947D5EEE2B9} = {ECDDEA09-CCCF-404A-B9A4-7947D5EEE2B9}
		{E2628720-AE0A-4E42-9954-B71147CCE7DC} = {E2628720-AE0A-4E42-9954-B71147CCE7DC}
		{9E3F9D72-2104-42FE-898A-FE6C05C174BC} = {9E3F9D72-2104-42FE-898A-FE6C05C174BC}
		{5A143484-553B-4345-B07C-C7DBF0309004} = {5A143484-553B-4345-B07C-C7DBF0309004}
		{087FFCBF-7DEF-4D42-86EB-10A4B89ED1BA} = {087FFCBF-7DEF-4D42-86EB-10A4B89ED1BA}
	EndProjectSection
EndProject
Global
	GlobalSection(SolutionConfigurationPlatforms) = preSolution
		Debug|Win32 = Debug|Win32
		Release|Win32 = Release|Win32
	EndGlobalSection
	GlobalSection(ProjectConfigurationPlatforms) = postSolution
		{087FFCBF-7DEF-4D42-86EB-10A4B89ED1BA}.Debug|Win32.ActiveCfg = Debug|Win32
		{087FFCBF-7DEF-4D42-86EB-10A4B89ED1BA}.Debug|Win32.Build.0 = Debug|Win32
		{087FFCBF-7DEF-4D42-86EB-10A4B89ED1BA}.Release|Win32.ActiveCfg = Release|Win32
		{087FFCBF-7DEF-4D42-86EB-10A4B89ED1BA}.Release|Win32.Build.0 = Release|Win32
		{ECDDEA09-CCCF-404A-B9A4-7947D5EEE2B9}.Debug|Win32.ActiveCfg = Debug|Win32
		{ECDDEA09-CCCF-404A-B9A4-7947D5EEE2B9}.Debug|Win32.Build.0 = Debug|Win32
		{ECDDEA09-CCCF-404A-B9A4-7947D5EEE2B9}.Release|Win32.ActiveCfg = Release|Win32
		{ECDDEA09-CCCF-404A-B9A4-7947D5EEE2B9}.Release|Win32.Build.0 = Release|Win32
		{5A143484-553B-4345-B07C-C7DBF0309004}.Debug|Win32.ActiveCfg = Debug|Win32
		{5A143484-553B-4345-B07C-C7DBF0309004}.Debug|Win32.Build.0 = Debug|Win32
		{5A143484-553B-4345-B07C-C7DBF0309004}.Release|Win32.ActiveCfg = Release|Win32
		{5A143484-553B-4345-B07C-C7DBF0309004}.Release|Win32.Build.0 = Release|Win32
		{E2628720-AE0A-4E42-9954-B71147CCE7DC}.Debug|Win32.ActiveCfg = Debug|Win32
		{E2628720-AE0A-4E42-9954-B71147CCE7DC}.Debug|Win32.Build.0 = Debug|Win32
		{E2628720-AE0A-4E42-9954-B71147CCE7DC}.Release|Win32.ActiveCfg = Release|Win32
		{E2628720-AE0A-4E42-9954-B71147CCE7DC}.Release|Win32.Build.0 = Release|Win32
		{7C606208-B8B7-4545-97ED-AC5BE4784EB8}.Debug|Win32.ActiveCfg = Debug|Win32
		{7C606208-B8B7-4545-97ED-AC5BE4784EB8}.Debug|Win32.Build.0 = Debug|Win32
		{7C606208-B8B7-4545-97ED-AC5BE4784EB8}.Release|Win32.ActiveCfg = Release|Win32
		{7C606208-B8B7-4545-97ED-AC5BE4784EB8}.Release|Win32.Build.0 = Release|Win32
		{9E3F9D72-2104-42FE-898A-FE6C05C174BC}.Debug|Win32.ActiveCfg = Debug|Win32
		{9E3F9D72-2104-42FE-898A-FE6C05C174BC}.Debug|Win32.Build.0 = Debug|Win32
		{9E3F9D72-2104-42FE-898A-FE6C05C174BC}.Release|Win32.ActiveCfg = Release|Win32
		{9E3F9D72-2104-42FE-898A-FE6C05C174BC}.Release|Win32.Build.0 = Release|Win32
		{B6E86C2A-A24C-4B87-B0BF-ECD7502E5142}.Debug|Win32.ActiveCfg = Debug|Win32
		{B6E86C2A-A24C-4B87-B0BF-ECD7502E5142}.Debug|Win32.Build.0 = Debug|Win32
		{B6E86C2A-A24C-4B87-B0BF-ECD7502E5142}.Release|Win32.ActiveCfg = Release|Win32
		{B6E86C2A-A24C-4B87-B0BF-ECD7502E5142}.Release|Win32.Build.0 = Release|Win32
	EndGlobalSection
	GlobalSection(SolutionProperties) = preSolution
		HideSolutionNode = FALSE
	EndGlobalSection
EndGlobal
