
Microsoft Visual Studio Solution File, Format Version 11.00
# Visual Studio 2010
Project("{8BC9CEB8-8B4A-11D0-8D11-00A0C91BC942}") = "test_00", "tests\test_00\test_00.vcxproj", "{E93CE555-5736-4319-88BB-4712FE2AE900}"
EndProject
Project("{8BC9CEB8-8B4A-11D0-8D11-00A0C91BC942}") = "test_01", "tests\test_01\test_01.vcxproj", "{1B963B43-CB62-4E37-AB9C-DE55E20F9140}"
EndProject
Project("{8BC9CEB8-8B4A-11D0-8D11-00A0C91BC942}") = "test_02", "tests\test_02\test_02.vcxproj", "{3B2B39C1-CEBB-49DD-B3FC-B2601C340C13}"
EndProject
Project("{6989167D-11E4-40FE-8C1A-2192A86A7E90}") = "Test_04", "tests\test_04\Test_04.vfproj", "{327C0366-D850-4ACD-B64B-E5BB8C06F483}"
	ProjectSection(ProjectDependencies) = postProject
		{A7BAFE5D-1301-48F8-878B-9BECB3DDE241} = {A7BAFE5D-1301-48F8-878B-9BECB3DDE241}
		{0C8D0AC5-B140-498B-B383-05CE14C138B1} = {0C8D0AC5-B140-498B-B383-05CE14C138B1}
	EndProjectSection
EndProject
Project("{6989167D-11E4-40FE-8C1A-2192A86A7E90}") = "Test_05", "tests\test_05\Test_05.vfproj", "{B351F073-1894-470C-8A29-DF4756BCD9B7}"
	ProjectSection(ProjectDependencies) = postProject
		{A7BAFE5D-1301-48F8-878B-9BECB3DDE241} = {A7BAFE5D-1301-48F8-878B-9BECB3DDE241}
		{327C0366-D850-4ACD-B64B-E5BB8C06F483} = {327C0366-D850-4ACD-B64B-E5BB8C06F483}
		{0C8D0AC5-B140-498B-B383-05CE14C138B1} = {0C8D0AC5-B140-498B-B383-05CE14C138B1}
	EndProjectSection
EndProject
Project("{8BC9CEB8-8B4A-11D0-8D11-00A0C91BC942}") = "nefis", "packages\nefis\nefis.vcxproj", "{A7BAFE5D-1301-48F8-878B-9BECB3DDE241}"
EndProject
Project("{8BC9CEB8-8B4A-11D0-8D11-00A0C91BC942}") = "nefis_dll", "packages\nefis\nefis_dll.vcxproj", "{0FB6AEED-A49C-4FD2-9F17-2B0C1ED28BE3}"
EndProject
Project("{8BC9CEB8-8B4A-11D0-8D11-00A0C91BC942}") = "nefis_version_number", "packages\nefis_version_number\nefis_version_number.vcxproj", "{0C8D0AC5-B140-498B-B383-05CE14C138B1}"
EndProject
Project("{8BC9CEB8-8B4A-11D0-8D11-00A0C91BC942}") = "test_18", "tests\test_18\test_18.vcxproj", "{E363FFEE-16D1-46F8-BF40-0CFA2150252E}"
EndProject
Project("{8BC9CEB8-8B4A-11D0-8D11-00A0C91BC942}") = "test_03", "tests\test_03\test_03.vcxproj", "{267E85DA-C27F-4207-8C7F-FA847411F521}"
EndProject
Project("{8BC9CEB8-8B4A-11D0-8D11-00A0C91BC942}") = "test_19", "tests\test_19\test_19.vcxproj", "{761FE373-5703-44F0-81A4-19D7D7724881}"
EndProject
Project("{6989167D-11E4-40FE-8C1A-2192A86A7E90}") = "Test_14", "tests\test_14\Test_14.vfproj", "{A9780099-1046-45D4-AA24-797C3BCE89BE}"
	ProjectSection(ProjectDependencies) = postProject
		{A7BAFE5D-1301-48F8-878B-9BECB3DDE241} = {A7BAFE5D-1301-48F8-878B-9BECB3DDE241}
		{0C8D0AC5-B140-498B-B383-05CE14C138B1} = {0C8D0AC5-B140-498B-B383-05CE14C138B1}
	EndProjectSection
EndProject
Project("{8BC9CEB8-8B4A-11D0-8D11-00A0C91BC942}") = "All_test", "tests\All test\All test.vcxproj", "{253C6FD5-9A9E-4380-8932-03B1C17C11E4}"
EndProject
Project("{6989167D-11E4-40FE-8C1A-2192A86A7E90}") = "demo_01", "tests\demo_01\demo_01.vfproj", "{4CB45B5B-10DE-486E-A52C-DCE03AA22469}"
	ProjectSection(ProjectDependencies) = postProject
		{A7BAFE5D-1301-48F8-878B-9BECB3DDE241} = {A7BAFE5D-1301-48F8-878B-9BECB3DDE241}
		{0C8D0AC5-B140-498B-B383-05CE14C138B1} = {0C8D0AC5-B140-498B-B383-05CE14C138B1}
	EndProjectSection
EndProject
Project("{6989167D-11E4-40FE-8C1A-2192A86A7E90}") = "demo_02", "tests\demo_02\demo_02.vfproj", "{5C79251C-7E3D-4850-923A-15882A2D7E35}"
	ProjectSection(ProjectDependencies) = postProject
		{A7BAFE5D-1301-48F8-878B-9BECB3DDE241} = {A7BAFE5D-1301-48F8-878B-9BECB3DDE241}
		{0C8D0AC5-B140-498B-B383-05CE14C138B1} = {0C8D0AC5-B140-498B-B383-05CE14C138B1}
	EndProjectSection
EndProject
Project("{6989167D-11E4-40FE-8C1A-2192A86A7E90}") = "Test_06", "tests\test_06\Test_06.vfproj", "{3A78A01C-766B-42D5-97E2-E340D3C17F01}"
	ProjectSection(ProjectDependencies) = postProject
		{A7BAFE5D-1301-48F8-878B-9BECB3DDE241} = {A7BAFE5D-1301-48F8-878B-9BECB3DDE241}
		{327C0366-D850-4ACD-B64B-E5BB8C06F483} = {327C0366-D850-4ACD-B64B-E5BB8C06F483}
		{B351F073-1894-470C-8A29-DF4756BCD9B7} = {B351F073-1894-470C-8A29-DF4756BCD9B7}
		{0C8D0AC5-B140-498B-B383-05CE14C138B1} = {0C8D0AC5-B140-498B-B383-05CE14C138B1}
	EndProjectSection
EndProject
Project("{6989167D-11E4-40FE-8C1A-2192A86A7E90}") = "Test_07", "tests\test_07\Test_07.vfproj", "{02563CF6-5C51-4FC1-BBD2-26C3635E4CED}"
	ProjectSection(ProjectDependencies) = postProject
		{3A78A01C-766B-42D5-97E2-E340D3C17F01} = {3A78A01C-766B-42D5-97E2-E340D3C17F01}
		{A7BAFE5D-1301-48F8-878B-9BECB3DDE241} = {A7BAFE5D-1301-48F8-878B-9BECB3DDE241}
		{327C0366-D850-4ACD-B64B-E5BB8C06F483} = {327C0366-D850-4ACD-B64B-E5BB8C06F483}
		{B351F073-1894-470C-8A29-DF4756BCD9B7} = {B351F073-1894-470C-8A29-DF4756BCD9B7}
		{0C8D0AC5-B140-498B-B383-05CE14C138B1} = {0C8D0AC5-B140-498B-B383-05CE14C138B1}
	EndProjectSection
EndProject
Project("{6989167D-11E4-40FE-8C1A-2192A86A7E90}") = "Test_08", "tests\test_08\Test_08.vfproj", "{0331F372-975A-49F5-829C-C912818A97B3}"
	ProjectSection(ProjectDependencies) = postProject
		{A7BAFE5D-1301-48F8-878B-9BECB3DDE241} = {A7BAFE5D-1301-48F8-878B-9BECB3DDE241}
		{0C8D0AC5-B140-498B-B383-05CE14C138B1} = {0C8D0AC5-B140-498B-B383-05CE14C138B1}
	EndProjectSection
EndProject
Project("{6989167D-11E4-40FE-8C1A-2192A86A7E90}") = "Test_09", "tests\test_09\Test_09.vfproj", "{5A7BFF9C-852C-490D-A6A0-CD1279727BEA}"
	ProjectSection(ProjectDependencies) = postProject
		{A7BAFE5D-1301-48F8-878B-9BECB3DDE241} = {A7BAFE5D-1301-48F8-878B-9BECB3DDE241}
		{0C8D0AC5-B140-498B-B383-05CE14C138B1} = {0C8D0AC5-B140-498B-B383-05CE14C138B1}
	EndProjectSection
EndProject
Project("{8BC9CEB8-8B4A-11D0-8D11-00A0C91BC942}") = "test_11", "tests\test_11\test_11.vcxproj", "{DD0ED822-5C86-43D4-A6CA-3D27874A8EB8}"
EndProject
Project("{6989167D-11E4-40FE-8C1A-2192A86A7E90}") = "Test_12", "tests\test_12\Test_12.vfproj", "{997C1508-193F-481D-ACC9-AAA7D49BD450}"
	ProjectSection(ProjectDependencies) = postProject
		{A7BAFE5D-1301-48F8-878B-9BECB3DDE241} = {A7BAFE5D-1301-48F8-878B-9BECB3DDE241}
		{0C8D0AC5-B140-498B-B383-05CE14C138B1} = {0C8D0AC5-B140-498B-B383-05CE14C138B1}
	EndProjectSection
EndProject
Project("{8BC9CEB8-8B4A-11D0-8D11-00A0C91BC942}") = "test_13", "tests\test_13\test_13.vcxproj", "{A3C796F7-7305-4C75-A229-486E10B89391}"
EndProject
Project("{6989167D-11E4-40FE-8C1A-2192A86A7E90}") = "Test_15", "tests\test_15\Test_15.vfproj", "{01F4384E-1898-4E1E-A929-4F92F071D7D0}"
	ProjectSection(ProjectDependencies) = postProject
		{A7BAFE5D-1301-48F8-878B-9BECB3DDE241} = {A7BAFE5D-1301-48F8-878B-9BECB3DDE241}
		{0C8D0AC5-B140-498B-B383-05CE14C138B1} = {0C8D0AC5-B140-498B-B383-05CE14C138B1}
	EndProjectSection
EndProject
Project("{6989167D-11E4-40FE-8C1A-2192A86A7E90}") = "Test_16", "tests\test_16\Test_16.vfproj", "{5AA9512F-B44A-4857-8C07-13913D9D3887}"
	ProjectSection(ProjectDependencies) = postProject
		{A7BAFE5D-1301-48F8-878B-9BECB3DDE241} = {A7BAFE5D-1301-48F8-878B-9BECB3DDE241}
		{0C8D0AC5-B140-498B-B383-05CE14C138B1} = {0C8D0AC5-B140-498B-B383-05CE14C138B1}
	EndProjectSection
EndProject
Project("{8BC9CEB8-8B4A-11D0-8D11-00A0C91BC942}") = "test_17", "tests\test_17\test_17.vcxproj", "{D6E7B92C-E92D-4EC9-A1CA-C22A9BA5CF71}"
EndProject
Project("{8BC9CEB8-8B4A-11D0-8D11-00A0C91BC942}") = "Test_10", "tests\test_10\Test_10.vcxproj", "{03108A33-5F1C-499A-AE95-81E78443DBDF}"
EndProject
Project("{8BC9CEB8-8B4A-11D0-8D11-00A0C91BC942}") = "Test_999", "tests\test_999\Test_999.vcxproj", "{B49FEA72-8558-4515-9444-E79633B1C659}"
EndProject
Global
	GlobalSection(SolutionConfigurationPlatforms) = preSolution
		Debug|Win32 = Debug|Win32
		Debug|x64 = Debug|x64
		Release|Win32 = Release|Win32
		Release|x64 = Release|x64
	EndGlobalSection
	GlobalSection(ProjectConfigurationPlatforms) = postSolution
		{E93CE555-5736-4319-88BB-4712FE2AE900}.Debug|Win32.ActiveCfg = Debug|x64
		{E93CE555-5736-4319-88BB-4712FE2AE900}.Debug|Win32.Build.0 = Debug|x64
		{E93CE555-5736-4319-88BB-4712FE2AE900}.Debug|x64.ActiveCfg = Debug|x64
		{E93CE555-5736-4319-88BB-4712FE2AE900}.Debug|x64.Build.0 = Debug|x64
		{E93CE555-5736-4319-88BB-4712FE2AE900}.Release|Win32.ActiveCfg = Release|Win32
		{E93CE555-5736-4319-88BB-4712FE2AE900}.Release|Win32.Build.0 = Release|Win32
		{E93CE555-5736-4319-88BB-4712FE2AE900}.Release|x64.ActiveCfg = Release|Win32
		{E93CE555-5736-4319-88BB-4712FE2AE900}.Release|x64.Build.0 = Release|Win32
		{1B963B43-CB62-4E37-AB9C-DE55E20F9140}.Debug|Win32.ActiveCfg = Debug|x64
		{1B963B43-CB62-4E37-AB9C-DE55E20F9140}.Debug|Win32.Build.0 = Debug|x64
		{1B963B43-CB62-4E37-AB9C-DE55E20F9140}.Debug|x64.ActiveCfg = Debug|x64
		{1B963B43-CB62-4E37-AB9C-DE55E20F9140}.Debug|x64.Build.0 = Debug|x64
		{1B963B43-CB62-4E37-AB9C-DE55E20F9140}.Release|Win32.ActiveCfg = Release|Win32
		{1B963B43-CB62-4E37-AB9C-DE55E20F9140}.Release|Win32.Build.0 = Release|Win32
		{1B963B43-CB62-4E37-AB9C-DE55E20F9140}.Release|x64.ActiveCfg = Release|Win32
		{1B963B43-CB62-4E37-AB9C-DE55E20F9140}.Release|x64.Build.0 = Release|Win32
		{3B2B39C1-CEBB-49DD-B3FC-B2601C340C13}.Debug|Win32.ActiveCfg = Debug|x64
		{3B2B39C1-CEBB-49DD-B3FC-B2601C340C13}.Debug|Win32.Build.0 = Debug|x64
		{3B2B39C1-CEBB-49DD-B3FC-B2601C340C13}.Debug|x64.ActiveCfg = Debug|x64
		{3B2B39C1-CEBB-49DD-B3FC-B2601C340C13}.Debug|x64.Build.0 = Debug|x64
		{3B2B39C1-CEBB-49DD-B3FC-B2601C340C13}.Release|Win32.ActiveCfg = Release|Win32
		{3B2B39C1-CEBB-49DD-B3FC-B2601C340C13}.Release|Win32.Build.0 = Release|Win32
		{3B2B39C1-CEBB-49DD-B3FC-B2601C340C13}.Release|x64.ActiveCfg = Release|Win32
		{3B2B39C1-CEBB-49DD-B3FC-B2601C340C13}.Release|x64.Build.0 = Release|Win32
		{327C0366-D850-4ACD-B64B-E5BB8C06F483}.Debug|Win32.ActiveCfg = Debug|x64
		{327C0366-D850-4ACD-B64B-E5BB8C06F483}.Debug|Win32.Build.0 = Debug|x64
		{327C0366-D850-4ACD-B64B-E5BB8C06F483}.Debug|x64.ActiveCfg = Debug|x64
		{327C0366-D850-4ACD-B64B-E5BB8C06F483}.Debug|x64.Build.0 = Debug|x64
		{327C0366-D850-4ACD-B64B-E5BB8C06F483}.Release|Win32.ActiveCfg = Release|Win32
		{327C0366-D850-4ACD-B64B-E5BB8C06F483}.Release|Win32.Build.0 = Release|Win32
		{327C0366-D850-4ACD-B64B-E5BB8C06F483}.Release|x64.ActiveCfg = Release|Win32
		{327C0366-D850-4ACD-B64B-E5BB8C06F483}.Release|x64.Build.0 = Release|Win32
		{B351F073-1894-470C-8A29-DF4756BCD9B7}.Debug|Win32.ActiveCfg = Debug|x64
		{B351F073-1894-470C-8A29-DF4756BCD9B7}.Debug|Win32.Build.0 = Debug|x64
		{B351F073-1894-470C-8A29-DF4756BCD9B7}.Debug|x64.ActiveCfg = Debug|x64
		{B351F073-1894-470C-8A29-DF4756BCD9B7}.Debug|x64.Build.0 = Debug|x64
		{B351F073-1894-470C-8A29-DF4756BCD9B7}.Release|Win32.ActiveCfg = Release|Win32
		{B351F073-1894-470C-8A29-DF4756BCD9B7}.Release|Win32.Build.0 = Release|Win32
		{B351F073-1894-470C-8A29-DF4756BCD9B7}.Release|x64.ActiveCfg = Release|Win32
		{B351F073-1894-470C-8A29-DF4756BCD9B7}.Release|x64.Build.0 = Release|Win32
		{A7BAFE5D-1301-48F8-878B-9BECB3DDE241}.Debug|Win32.ActiveCfg = Debug|x64
		{A7BAFE5D-1301-48F8-878B-9BECB3DDE241}.Debug|Win32.Build.0 = Debug|x64
		{A7BAFE5D-1301-48F8-878B-9BECB3DDE241}.Debug|x64.ActiveCfg = Debug|x64
		{A7BAFE5D-1301-48F8-878B-9BECB3DDE241}.Debug|x64.Build.0 = Debug|x64
		{A7BAFE5D-1301-48F8-878B-9BECB3DDE241}.Release|Win32.ActiveCfg = Release|Win32
		{A7BAFE5D-1301-48F8-878B-9BECB3DDE241}.Release|Win32.Build.0 = Release|Win32
		{A7BAFE5D-1301-48F8-878B-9BECB3DDE241}.Release|x64.ActiveCfg = Release|Win32
		{A7BAFE5D-1301-48F8-878B-9BECB3DDE241}.Release|x64.Build.0 = Release|Win32
		{0FB6AEED-A49C-4FD2-9F17-2B0C1ED28BE3}.Debug|Win32.ActiveCfg = Debug|x64
		{0FB6AEED-A49C-4FD2-9F17-2B0C1ED28BE3}.Debug|Win32.Build.0 = Debug|x64
		{0FB6AEED-A49C-4FD2-9F17-2B0C1ED28BE3}.Debug|x64.ActiveCfg = Debug|x64
		{0FB6AEED-A49C-4FD2-9F17-2B0C1ED28BE3}.Debug|x64.Build.0 = Debug|x64
		{0FB6AEED-A49C-4FD2-9F17-2B0C1ED28BE3}.Release|Win32.ActiveCfg = Release|Win32
		{0FB6AEED-A49C-4FD2-9F17-2B0C1ED28BE3}.Release|Win32.Build.0 = Release|Win32
		{0FB6AEED-A49C-4FD2-9F17-2B0C1ED28BE3}.Release|x64.ActiveCfg = Release|Win32
		{0FB6AEED-A49C-4FD2-9F17-2B0C1ED28BE3}.Release|x64.Build.0 = Release|Win32
		{0C8D0AC5-B140-498B-B383-05CE14C138B1}.Debug|Win32.ActiveCfg = Debug|x64
		{0C8D0AC5-B140-498B-B383-05CE14C138B1}.Debug|Win32.Build.0 = Debug|x64
		{0C8D0AC5-B140-498B-B383-05CE14C138B1}.Debug|x64.ActiveCfg = Debug|x64
		{0C8D0AC5-B140-498B-B383-05CE14C138B1}.Debug|x64.Build.0 = Debug|x64
		{0C8D0AC5-B140-498B-B383-05CE14C138B1}.Release|Win32.ActiveCfg = Release|Win32
		{0C8D0AC5-B140-498B-B383-05CE14C138B1}.Release|Win32.Build.0 = Release|Win32
		{0C8D0AC5-B140-498B-B383-05CE14C138B1}.Release|x64.ActiveCfg = Release|Win32
		{0C8D0AC5-B140-498B-B383-05CE14C138B1}.Release|x64.Build.0 = Release|Win32
		{E363FFEE-16D1-46F8-BF40-0CFA2150252E}.Debug|Win32.ActiveCfg = Debug|x64
		{E363FFEE-16D1-46F8-BF40-0CFA2150252E}.Debug|Win32.Build.0 = Debug|x64
		{E363FFEE-16D1-46F8-BF40-0CFA2150252E}.Debug|x64.ActiveCfg = Debug|x64
		{E363FFEE-16D1-46F8-BF40-0CFA2150252E}.Debug|x64.Build.0 = Debug|x64
		{E363FFEE-16D1-46F8-BF40-0CFA2150252E}.Release|Win32.ActiveCfg = Release|Win32
		{E363FFEE-16D1-46F8-BF40-0CFA2150252E}.Release|Win32.Build.0 = Release|Win32
		{E363FFEE-16D1-46F8-BF40-0CFA2150252E}.Release|x64.ActiveCfg = Release|Win32
		{E363FFEE-16D1-46F8-BF40-0CFA2150252E}.Release|x64.Build.0 = Release|Win32
		{267E85DA-C27F-4207-8C7F-FA847411F521}.Debug|Win32.ActiveCfg = Debug|x64
		{267E85DA-C27F-4207-8C7F-FA847411F521}.Debug|Win32.Build.0 = Debug|x64
		{267E85DA-C27F-4207-8C7F-FA847411F521}.Debug|x64.ActiveCfg = Debug|x64
		{267E85DA-C27F-4207-8C7F-FA847411F521}.Debug|x64.Build.0 = Debug|x64
		{267E85DA-C27F-4207-8C7F-FA847411F521}.Release|Win32.ActiveCfg = Release|Win32
		{267E85DA-C27F-4207-8C7F-FA847411F521}.Release|Win32.Build.0 = Release|Win32
		{267E85DA-C27F-4207-8C7F-FA847411F521}.Release|x64.ActiveCfg = Release|Win32
		{267E85DA-C27F-4207-8C7F-FA847411F521}.Release|x64.Build.0 = Release|Win32
		{761FE373-5703-44F0-81A4-19D7D7724881}.Debug|Win32.ActiveCfg = Debug|x64
		{761FE373-5703-44F0-81A4-19D7D7724881}.Debug|Win32.Build.0 = Debug|x64
		{761FE373-5703-44F0-81A4-19D7D7724881}.Debug|x64.ActiveCfg = Debug|x64
		{761FE373-5703-44F0-81A4-19D7D7724881}.Debug|x64.Build.0 = Debug|x64
		{761FE373-5703-44F0-81A4-19D7D7724881}.Release|Win32.ActiveCfg = Release|Win32
		{761FE373-5703-44F0-81A4-19D7D7724881}.Release|Win32.Build.0 = Release|Win32
		{761FE373-5703-44F0-81A4-19D7D7724881}.Release|x64.ActiveCfg = Release|Win32
		{761FE373-5703-44F0-81A4-19D7D7724881}.Release|x64.Build.0 = Release|Win32
		{A9780099-1046-45D4-AA24-797C3BCE89BE}.Debug|Win32.ActiveCfg = Debug|x64
		{A9780099-1046-45D4-AA24-797C3BCE89BE}.Debug|Win32.Build.0 = Debug|x64
		{A9780099-1046-45D4-AA24-797C3BCE89BE}.Debug|x64.ActiveCfg = Debug|x64
		{A9780099-1046-45D4-AA24-797C3BCE89BE}.Debug|x64.Build.0 = Debug|x64
		{A9780099-1046-45D4-AA24-797C3BCE89BE}.Release|Win32.ActiveCfg = Release|Win32
		{A9780099-1046-45D4-AA24-797C3BCE89BE}.Release|Win32.Build.0 = Release|Win32
		{A9780099-1046-45D4-AA24-797C3BCE89BE}.Release|x64.ActiveCfg = Release|Win32
		{A9780099-1046-45D4-AA24-797C3BCE89BE}.Release|x64.Build.0 = Release|Win32
		{253C6FD5-9A9E-4380-8932-03B1C17C11E4}.Debug|Win32.ActiveCfg = Debug|x64
		{253C6FD5-9A9E-4380-8932-03B1C17C11E4}.Debug|Win32.Build.0 = Debug|x64
		{253C6FD5-9A9E-4380-8932-03B1C17C11E4}.Debug|x64.ActiveCfg = Debug|x64
		{253C6FD5-9A9E-4380-8932-03B1C17C11E4}.Debug|x64.Build.0 = Debug|x64
		{253C6FD5-9A9E-4380-8932-03B1C17C11E4}.Release|Win32.ActiveCfg = Release|Win32
		{253C6FD5-9A9E-4380-8932-03B1C17C11E4}.Release|Win32.Build.0 = Release|Win32
		{253C6FD5-9A9E-4380-8932-03B1C17C11E4}.Release|x64.ActiveCfg = Release|Win32
		{253C6FD5-9A9E-4380-8932-03B1C17C11E4}.Release|x64.Build.0 = Release|Win32
		{4CB45B5B-10DE-486E-A52C-DCE03AA22469}.Debug|Win32.ActiveCfg = Debug|Win32
		{4CB45B5B-10DE-486E-A52C-DCE03AA22469}.Debug|Win32.Build.0 = Debug|Win32
		{4CB45B5B-10DE-486E-A52C-DCE03AA22469}.Debug|x64.ActiveCfg = Debug|Win32
		{4CB45B5B-10DE-486E-A52C-DCE03AA22469}.Debug|x64.Build.0 = Debug|Win32
		{4CB45B5B-10DE-486E-A52C-DCE03AA22469}.Release|Win32.ActiveCfg = Release|Win32
		{4CB45B5B-10DE-486E-A52C-DCE03AA22469}.Release|Win32.Build.0 = Release|Win32
		{4CB45B5B-10DE-486E-A52C-DCE03AA22469}.Release|x64.ActiveCfg = Release|Win32
		{4CB45B5B-10DE-486E-A52C-DCE03AA22469}.Release|x64.Build.0 = Release|Win32
		{5C79251C-7E3D-4850-923A-15882A2D7E35}.Debug|Win32.ActiveCfg = Debug|Win32
		{5C79251C-7E3D-4850-923A-15882A2D7E35}.Debug|Win32.Build.0 = Debug|Win32
		{5C79251C-7E3D-4850-923A-15882A2D7E35}.Debug|x64.ActiveCfg = Debug|Win32
		{5C79251C-7E3D-4850-923A-15882A2D7E35}.Debug|x64.Build.0 = Debug|Win32
		{5C79251C-7E3D-4850-923A-15882A2D7E35}.Release|Win32.ActiveCfg = Release|Win32
		{5C79251C-7E3D-4850-923A-15882A2D7E35}.Release|Win32.Build.0 = Release|Win32
		{5C79251C-7E3D-4850-923A-15882A2D7E35}.Release|x64.ActiveCfg = Release|Win32
		{5C79251C-7E3D-4850-923A-15882A2D7E35}.Release|x64.Build.0 = Release|Win32
		{3A78A01C-766B-42D5-97E2-E340D3C17F01}.Debug|Win32.ActiveCfg = Debug|x64
		{3A78A01C-766B-42D5-97E2-E340D3C17F01}.Debug|Win32.Build.0 = Debug|x64
		{3A78A01C-766B-42D5-97E2-E340D3C17F01}.Debug|x64.ActiveCfg = Debug|x64
		{3A78A01C-766B-42D5-97E2-E340D3C17F01}.Debug|x64.Build.0 = Debug|x64
		{3A78A01C-766B-42D5-97E2-E340D3C17F01}.Release|Win32.ActiveCfg = Release|Win32
		{3A78A01C-766B-42D5-97E2-E340D3C17F01}.Release|Win32.Build.0 = Release|Win32
		{3A78A01C-766B-42D5-97E2-E340D3C17F01}.Release|x64.ActiveCfg = Release|Win32
		{3A78A01C-766B-42D5-97E2-E340D3C17F01}.Release|x64.Build.0 = Release|Win32
		{02563CF6-5C51-4FC1-BBD2-26C3635E4CED}.Debug|Win32.ActiveCfg = Debug|x64
		{02563CF6-5C51-4FC1-BBD2-26C3635E4CED}.Debug|Win32.Build.0 = Debug|x64
		{02563CF6-5C51-4FC1-BBD2-26C3635E4CED}.Debug|x64.ActiveCfg = Debug|x64
		{02563CF6-5C51-4FC1-BBD2-26C3635E4CED}.Debug|x64.Build.0 = Debug|x64
		{02563CF6-5C51-4FC1-BBD2-26C3635E4CED}.Release|Win32.ActiveCfg = Release|Win32
		{02563CF6-5C51-4FC1-BBD2-26C3635E4CED}.Release|Win32.Build.0 = Release|Win32
		{02563CF6-5C51-4FC1-BBD2-26C3635E4CED}.Release|x64.ActiveCfg = Release|Win32
		{02563CF6-5C51-4FC1-BBD2-26C3635E4CED}.Release|x64.Build.0 = Release|Win32
		{0331F372-975A-49F5-829C-C912818A97B3}.Debug|Win32.ActiveCfg = Debug|x64
		{0331F372-975A-49F5-829C-C912818A97B3}.Debug|Win32.Build.0 = Debug|x64
		{0331F372-975A-49F5-829C-C912818A97B3}.Debug|x64.ActiveCfg = Debug|x64
		{0331F372-975A-49F5-829C-C912818A97B3}.Debug|x64.Build.0 = Debug|x64
		{0331F372-975A-49F5-829C-C912818A97B3}.Release|Win32.ActiveCfg = Release|Win32
		{0331F372-975A-49F5-829C-C912818A97B3}.Release|Win32.Build.0 = Release|Win32
		{0331F372-975A-49F5-829C-C912818A97B3}.Release|x64.ActiveCfg = Release|Win32
		{0331F372-975A-49F5-829C-C912818A97B3}.Release|x64.Build.0 = Release|Win32
		{5A7BFF9C-852C-490D-A6A0-CD1279727BEA}.Debug|Win32.ActiveCfg = Debug|x64
		{5A7BFF9C-852C-490D-A6A0-CD1279727BEA}.Debug|Win32.Build.0 = Debug|x64
		{5A7BFF9C-852C-490D-A6A0-CD1279727BEA}.Debug|x64.ActiveCfg = Debug|x64
		{5A7BFF9C-852C-490D-A6A0-CD1279727BEA}.Debug|x64.Build.0 = Debug|x64
		{5A7BFF9C-852C-490D-A6A0-CD1279727BEA}.Release|Win32.ActiveCfg = Release|Win32
		{5A7BFF9C-852C-490D-A6A0-CD1279727BEA}.Release|Win32.Build.0 = Release|Win32
		{5A7BFF9C-852C-490D-A6A0-CD1279727BEA}.Release|x64.ActiveCfg = Release|Win32
		{5A7BFF9C-852C-490D-A6A0-CD1279727BEA}.Release|x64.Build.0 = Release|Win32
		{DD0ED822-5C86-43D4-A6CA-3D27874A8EB8}.Debug|Win32.ActiveCfg = Debug|x64
		{DD0ED822-5C86-43D4-A6CA-3D27874A8EB8}.Debug|Win32.Build.0 = Debug|x64
		{DD0ED822-5C86-43D4-A6CA-3D27874A8EB8}.Debug|x64.ActiveCfg = Debug|x64
		{DD0ED822-5C86-43D4-A6CA-3D27874A8EB8}.Debug|x64.Build.0 = Debug|x64
		{DD0ED822-5C86-43D4-A6CA-3D27874A8EB8}.Release|Win32.ActiveCfg = Release|Win32
		{DD0ED822-5C86-43D4-A6CA-3D27874A8EB8}.Release|Win32.Build.0 = Release|Win32
		{DD0ED822-5C86-43D4-A6CA-3D27874A8EB8}.Release|x64.ActiveCfg = Release|Win32
		{DD0ED822-5C86-43D4-A6CA-3D27874A8EB8}.Release|x64.Build.0 = Release|Win32
		{997C1508-193F-481D-ACC9-AAA7D49BD450}.Debug|Win32.ActiveCfg = Debug|x64
		{997C1508-193F-481D-ACC9-AAA7D49BD450}.Debug|Win32.Build.0 = Debug|x64
		{997C1508-193F-481D-ACC9-AAA7D49BD450}.Debug|x64.ActiveCfg = Debug|x64
		{997C1508-193F-481D-ACC9-AAA7D49BD450}.Debug|x64.Build.0 = Debug|x64
		{997C1508-193F-481D-ACC9-AAA7D49BD450}.Release|Win32.ActiveCfg = Release|Win32
		{997C1508-193F-481D-ACC9-AAA7D49BD450}.Release|Win32.Build.0 = Release|Win32
		{997C1508-193F-481D-ACC9-AAA7D49BD450}.Release|x64.ActiveCfg = Release|Win32
		{997C1508-193F-481D-ACC9-AAA7D49BD450}.Release|x64.Build.0 = Release|Win32
		{A3C796F7-7305-4C75-A229-486E10B89391}.Debug|Win32.ActiveCfg = Debug|x64
		{A3C796F7-7305-4C75-A229-486E10B89391}.Debug|Win32.Build.0 = Debug|x64
		{A3C796F7-7305-4C75-A229-486E10B89391}.Debug|x64.ActiveCfg = Debug|x64
		{A3C796F7-7305-4C75-A229-486E10B89391}.Debug|x64.Build.0 = Debug|x64
		{A3C796F7-7305-4C75-A229-486E10B89391}.Release|Win32.ActiveCfg = Release|Win32
		{A3C796F7-7305-4C75-A229-486E10B89391}.Release|Win32.Build.0 = Release|Win32
		{A3C796F7-7305-4C75-A229-486E10B89391}.Release|x64.ActiveCfg = Release|Win32
		{A3C796F7-7305-4C75-A229-486E10B89391}.Release|x64.Build.0 = Release|Win32
		{01F4384E-1898-4E1E-A929-4F92F071D7D0}.Debug|Win32.ActiveCfg = Debug|x64
		{01F4384E-1898-4E1E-A929-4F92F071D7D0}.Debug|Win32.Build.0 = Debug|x64
		{01F4384E-1898-4E1E-A929-4F92F071D7D0}.Debug|x64.ActiveCfg = Debug|x64
		{01F4384E-1898-4E1E-A929-4F92F071D7D0}.Debug|x64.Build.0 = Debug|x64
		{01F4384E-1898-4E1E-A929-4F92F071D7D0}.Release|Win32.ActiveCfg = Release|Win32
		{01F4384E-1898-4E1E-A929-4F92F071D7D0}.Release|Win32.Build.0 = Release|Win32
		{01F4384E-1898-4E1E-A929-4F92F071D7D0}.Release|x64.ActiveCfg = Release|Win32
		{01F4384E-1898-4E1E-A929-4F92F071D7D0}.Release|x64.Build.0 = Release|Win32
		{5AA9512F-B44A-4857-8C07-13913D9D3887}.Debug|Win32.ActiveCfg = Debug|x64
		{5AA9512F-B44A-4857-8C07-13913D9D3887}.Debug|Win32.Build.0 = Debug|x64
		{5AA9512F-B44A-4857-8C07-13913D9D3887}.Debug|x64.ActiveCfg = Debug|x64
		{5AA9512F-B44A-4857-8C07-13913D9D3887}.Debug|x64.Build.0 = Debug|x64
		{5AA9512F-B44A-4857-8C07-13913D9D3887}.Release|Win32.ActiveCfg = Release|Win32
		{5AA9512F-B44A-4857-8C07-13913D9D3887}.Release|Win32.Build.0 = Release|Win32
		{5AA9512F-B44A-4857-8C07-13913D9D3887}.Release|x64.ActiveCfg = Release|Win32
		{5AA9512F-B44A-4857-8C07-13913D9D3887}.Release|x64.Build.0 = Release|Win32
		{D6E7B92C-E92D-4EC9-A1CA-C22A9BA5CF71}.Debug|Win32.ActiveCfg = Debug|x64
		{D6E7B92C-E92D-4EC9-A1CA-C22A9BA5CF71}.Debug|Win32.Build.0 = Debug|x64
		{D6E7B92C-E92D-4EC9-A1CA-C22A9BA5CF71}.Debug|x64.ActiveCfg = Debug|x64
		{D6E7B92C-E92D-4EC9-A1CA-C22A9BA5CF71}.Debug|x64.Build.0 = Debug|x64
		{D6E7B92C-E92D-4EC9-A1CA-C22A9BA5CF71}.Release|Win32.ActiveCfg = Release|Win32
		{D6E7B92C-E92D-4EC9-A1CA-C22A9BA5CF71}.Release|Win32.Build.0 = Release|Win32
		{D6E7B92C-E92D-4EC9-A1CA-C22A9BA5CF71}.Release|x64.ActiveCfg = Release|Win32
		{D6E7B92C-E92D-4EC9-A1CA-C22A9BA5CF71}.Release|x64.Build.0 = Release|Win32
		{03108A33-5F1C-499A-AE95-81E78443DBDF}.Debug|Win32.ActiveCfg = Debug|x64
		{03108A33-5F1C-499A-AE95-81E78443DBDF}.Debug|Win32.Build.0 = Debug|x64
		{03108A33-5F1C-499A-AE95-81E78443DBDF}.Debug|x64.ActiveCfg = Debug|x64
		{03108A33-5F1C-499A-AE95-81E78443DBDF}.Debug|x64.Build.0 = Debug|x64
		{03108A33-5F1C-499A-AE95-81E78443DBDF}.Release|Win32.ActiveCfg = Release|Win32
		{03108A33-5F1C-499A-AE95-81E78443DBDF}.Release|Win32.Build.0 = Release|Win32
		{03108A33-5F1C-499A-AE95-81E78443DBDF}.Release|x64.ActiveCfg = Release|Win32
		{03108A33-5F1C-499A-AE95-81E78443DBDF}.Release|x64.Build.0 = Release|Win32
		{B49FEA72-8558-4515-9444-E79633B1C659}.Debug|Win32.ActiveCfg = Debug|x64
		{B49FEA72-8558-4515-9444-E79633B1C659}.Debug|Win32.Build.0 = Debug|x64
		{B49FEA72-8558-4515-9444-E79633B1C659}.Debug|x64.ActiveCfg = Debug|x64
		{B49FEA72-8558-4515-9444-E79633B1C659}.Debug|x64.Build.0 = Debug|x64
		{B49FEA72-8558-4515-9444-E79633B1C659}.Release|Win32.ActiveCfg = Release|Win32
		{B49FEA72-8558-4515-9444-E79633B1C659}.Release|Win32.Build.0 = Release|Win32
		{B49FEA72-8558-4515-9444-E79633B1C659}.Release|x64.ActiveCfg = Release|Win32
		{B49FEA72-8558-4515-9444-E79633B1C659}.Release|x64.Build.0 = Release|Win32
	EndGlobalSection
	GlobalSection(SolutionProperties) = preSolution
		HideSolutionNode = FALSE
	EndGlobalSection
EndGlobal
